
Microsoft Visual Studio Solution File, Format Version 12.00
# Visual Studio Version 17
VisualStudioVersion = 17.4.33213.308
MinimumVisualStudioVersion = 10.0.40219.1
Project("{FAE04EC0-301F-11D3-BF4B-00C04F79EFBC}") = "ApiLivros", "ApiLivros\ApiLivros.csproj", "{50FC3260-A835-4C33-A24D-0CB57BD916CA}"
EndProject
Global
	GlobalSection(SolutionConfigurationPlatforms) = preSolution
		Debug|Any CPU = Debug|Any CPU
		Release|Any CPU = Release|Any CPU
	EndGlobalSection
	GlobalSection(ProjectConfigurationPlatforms) = postSolution
		{50FC3260-A835-4C33-A24D-0CB57BD916CA}.Debug|Any CPU.ActiveCfg = Debug|Any CPU
		{50FC3260-A835-4C33-A24D-0CB57BD916CA}.Debug|Any CPU.Build.0 = Debug|Any CPU
		{50FC3260-A835-4C33-A24D-0CB57BD916CA}.Release|Any CPU.ActiveCfg = Release|Any CPU
		{50FC3260-A835-4C33-A24D-0CB57BD916CA}.Release|Any CPU.Build.0 = Release|Any CPU
	EndGlobalSection
	GlobalSection(SolutionProperties) = preSolution
		HideSolutionNode = FALSE
	EndGlobalSection
	GlobalSection(ExtensibilityGlobals) = postSolution
		SolutionGuid = {C1B776E8-73E8-4C22-A35B-1ECC4F6C7423}
	EndGlobalSection
EndGlobal
